// !$*UTF8*$!
{
	archiveVersion = 1;
	classes = {
	};
	objectVersion = 55;
	objects = {

/* Begin PBXBuildFile section */
		440F68712864FDF6009DADB2 /* HomeView.swift in Sources */ = {isa = PBXBuildFile; fileRef = 440F68702864FDF6009DADB2 /* HomeView.swift */; };
		440F68732864FE1F009DADB2 /* WishesView.swift in Sources */ = {isa = PBXBuildFile; fileRef = 440F68722864FE1F009DADB2 /* WishesView.swift */; };
		440F68752864FE2D009DADB2 /* DiaryView.swift in Sources */ = {isa = PBXBuildFile; fileRef = 440F68742864FE2D009DADB2 /* DiaryView.swift */; };
		440F68772864FE3C009DADB2 /* SleepView.swift in Sources */ = {isa = PBXBuildFile; fileRef = 440F68762864FE3C009DADB2 /* SleepView.swift */; };
		44877418285F539000736C6E /* AdlerySwashText.swift in Sources */ = {isa = PBXBuildFile; fileRef = 44877417285F539000736C6E /* AdlerySwashText.swift */; };
		4487741A285F59A700736C6E /* RootTabView.swift in Sources */ = {isa = PBXBuildFile; fileRef = 44877419285F59A700736C6E /* RootTabView.swift */; };
		44943524285BD8AA00A91228 /* EveryDayApp.swift in Sources */ = {isa = PBXBuildFile; fileRef = 44943523285BD8AA00A91228 /* EveryDayApp.swift */; };
		44943528285BD8AD00A91228 /* Assets.xcassets in Resources */ = {isa = PBXBuildFile; fileRef = 44943527285BD8AD00A91228 /* Assets.xcassets */; };
		4494352B285BD8AD00A91228 /* Preview Assets.xcassets in Resources */ = {isa = PBXBuildFile; fileRef = 4494352A285BD8AD00A91228 /* Preview Assets.xcassets */; };
		44960851285EFDCB0002EA51 /* LaunchView.swift in Sources */ = {isa = PBXBuildFile; fileRef = 44960850285EFDCB0002EA51 /* LaunchView.swift */; };
		44960857285F17350002EA51 /* Adlery-Swash-trial.ttf in Resources */ = {isa = PBXBuildFile; fileRef = 44960856285F17350002EA51 /* Adlery-Swash-trial.ttf */; };
		44ACB24628737BE300456E7F /* Localizable.strings in Resources */ = {isa = PBXBuildFile; fileRef = 44ACB24828737BE300456E7F /* Localizable.strings */; };
/* End PBXBuildFile section */

/* Begin PBXFileReference section */
		440F68702864FDF6009DADB2 /* HomeView.swift */ = {isa = PBXFileReference; lastKnownFileType = sourcecode.swift; path = HomeView.swift; sourceTree = "<group>"; };
		440F68722864FE1F009DADB2 /* WishesView.swift */ = {isa = PBXFileReference; lastKnownFileType = sourcecode.swift; path = WishesView.swift; sourceTree = "<group>"; };
		440F68742864FE2D009DADB2 /* DiaryView.swift */ = {isa = PBXFileReference; lastKnownFileType = sourcecode.swift; path = DiaryView.swift; sourceTree = "<group>"; };
		440F68762864FE3C009DADB2 /* SleepView.swift */ = {isa = PBXFileReference; lastKnownFileType = sourcecode.swift; path = SleepView.swift; sourceTree = "<group>"; };
		44599C67285DE82300F3E600 /* Info.plist */ = {isa = PBXFileReference; lastKnownFileType = text.plist; path = Info.plist; sourceTree = "<group>"; };
		44877417285F539000736C6E /* AdlerySwashText.swift */ = {isa = PBXFileReference; lastKnownFileType = sourcecode.swift; path = AdlerySwashText.swift; sourceTree = "<group>"; };
		44877419285F59A700736C6E /* RootTabView.swift */ = {isa = PBXFileReference; lastKnownFileType = sourcecode.swift; path = RootTabView.swift; sourceTree = "<group>"; };
		44943520285BD8AA00A91228 /* EveryDay.app */ = {isa = PBXFileReference; explicitFileType = wrapper.application; includeInIndex = 0; path = EveryDay.app; sourceTree = BUILT_PRODUCTS_DIR; };
		44943523285BD8AA00A91228 /* EveryDayApp.swift */ = {isa = PBXFileReference; lastKnownFileType = sourcecode.swift; path = EveryDayApp.swift; sourceTree = "<group>"; };
		44943527285BD8AD00A91228 /* Assets.xcassets */ = {isa = PBXFileReference; lastKnownFileType = folder.assetcatalog; path = Assets.xcassets; sourceTree = "<group>"; };
		4494352A285BD8AD00A91228 /* Preview Assets.xcassets */ = {isa = PBXFileReference; lastKnownFileType = folder.assetcatalog; path = "Preview Assets.xcassets"; sourceTree = "<group>"; };
		44960850285EFDCB0002EA51 /* LaunchView.swift */ = {isa = PBXFileReference; lastKnownFileType = sourcecode.swift; path = LaunchView.swift; sourceTree = "<group>"; };
		44960856285F17350002EA51 /* Adlery-Swash-trial.ttf */ = {isa = PBXFileReference; lastKnownFileType = file; path = "Adlery-Swash-trial.ttf"; sourceTree = "<group>"; };
		44ACB24728737BE300456E7F /* en */ = {isa = PBXFileReference; lastKnownFileType = text.plist.strings; name = en; path = en.lproj/Localizable.strings; sourceTree = "<group>"; };
		44ACB24928737CB500456E7F /* ru */ = {isa = PBXFileReference; lastKnownFileType = text.plist.strings; name = ru; path = ru.lproj/Localizable.strings; sourceTree = "<group>"; };
/* End PBXFileReference section */

/* Begin PBXFrameworksBuildPhase section */
		4494351D285BD8AA00A91228 /* Frameworks */ = {
			isa = PBXFrameworksBuildPhase;
			buildActionMask = 2147483647;
			files = (
			);
			runOnlyForDeploymentPostprocessing = 0;
		};
/* End PBXFrameworksBuildPhase section */

/* Begin PBXGroup section */
		440F686B2864FBA3009DADB2 /* Home */ = {
			isa = PBXGroup;
			children = (
				440F68702864FDF6009DADB2 /* HomeView.swift */,
			);
			path = Home;
			sourceTree = "<group>";
		};
		440F686C2864FC15009DADB2 /* Wishes */ = {
			isa = PBXGroup;
			children = (
				440F68722864FE1F009DADB2 /* WishesView.swift */,
			);
			path = Wishes;
			sourceTree = "<group>";
		};
		440F686D2864FC57009DADB2 /* Diary */ = {
			isa = PBXGroup;
			children = (
				440F68742864FE2D009DADB2 /* DiaryView.swift */,
			);
			path = Diary;
			sourceTree = "<group>";
		};
		440F686E2864FC97009DADB2 /* Sleep */ = {
			isa = PBXGroup;
			children = (
				440F68762864FE3C009DADB2 /* SleepView.swift */,
			);
			path = Sleep;
			sourceTree = "<group>";
		};
		440F686F2864FCE9009DADB2 /* App */ = {
			isa = PBXGroup;
			children = (
				44943523285BD8AA00A91228 /* EveryDayApp.swift */,
				44877419285F59A700736C6E /* RootTabView.swift */,
			);
			path = App;
			sourceTree = "<group>";
		};
		44943517285BD8A900A91228 = {
			isa = PBXGroup;
			children = (
				44943522285BD8AA00A91228 /* EveryDay */,
				44943521285BD8AA00A91228 /* Products */,
			);
			sourceTree = "<group>";
		};
		44943521285BD8AA00A91228 /* Products */ = {
			isa = PBXGroup;
			children = (
				44943520285BD8AA00A91228 /* EveryDay.app */,
			);
			name = Products;
			sourceTree = "<group>";
		};
		44943522285BD8AA00A91228 /* EveryDay */ = {
			isa = PBXGroup;
			children = (
				440F686F2864FCE9009DADB2 /* App */,
				4496084E285EFC890002EA51 /* Modules */,
				44943527285BD8AD00A91228 /* Assets.xcassets */,
				44599C67285DE82300F3E600 /* Info.plist */,
				44960859285F444F0002EA51 /* CustomViews */,
				44960855285F16910002EA51 /* Fonts */,
				44943529285BD8AD00A91228 /* Preview Content */,
				44ACB24828737BE300456E7F /* Localizable.strings */,
			);
			path = EveryDay;
			sourceTree = "<group>";
		};
		44943529285BD8AD00A91228 /* Preview Content */ = {
			isa = PBXGroup;
			children = (
				4494352A285BD8AD00A91228 /* Preview Assets.xcassets */,
			);
			path = "Preview Content";
			sourceTree = "<group>";
		};
		4496084E285EFC890002EA51 /* Modules */ = {
			isa = PBXGroup;
			children = (
				4496084F285EFDB50002EA51 /* LaunchScreen */,
				440F686B2864FBA3009DADB2 /* Home */,
				440F686C2864FC15009DADB2 /* Wishes */,
				440F686D2864FC57009DADB2 /* Diary */,
				440F686E2864FC97009DADB2 /* Sleep */,
			);
			path = Modules;
			sourceTree = "<group>";
		};
		4496084F285EFDB50002EA51 /* LaunchScreen */ = {
			isa = PBXGroup;
			children = (
				44960850285EFDCB0002EA51 /* LaunchView.swift */,
			);
			path = LaunchScreen;
			sourceTree = "<group>";
		};
		44960855285F16910002EA51 /* Fonts */ = {
			isa = PBXGroup;
			children = (
				44960856285F17350002EA51 /* Adlery-Swash-trial.ttf */,
			);
			path = Fonts;
			sourceTree = "<group>";
		};
		44960859285F444F0002EA51 /* CustomViews */ = {
			isa = PBXGroup;
			children = (
				4496085A285F449B0002EA51 /* Text */,
			);
			path = CustomViews;
			sourceTree = "<group>";
		};
		4496085A285F449B0002EA51 /* Text */ = {
			isa = PBXGroup;
			children = (
				44877417285F539000736C6E /* AdlerySwashText.swift */,
			);
			path = Text;
			sourceTree = "<group>";
		};
/* End PBXGroup section */

/* Begin PBXNativeTarget section */
		4494351F285BD8AA00A91228 /* EveryDay */ = {
			isa = PBXNativeTarget;
			buildConfigurationList = 4494352E285BD8AD00A91228 /* Build configuration list for PBXNativeTarget "EveryDay" */;
			buildPhases = (
				4494351C285BD8AA00A91228 /* Sources */,
				4494351D285BD8AA00A91228 /* Frameworks */,
				4494351E285BD8AA00A91228 /* Resources */,
			);
			buildRules = (
			);
			dependencies = (
			);
			name = EveryDay;
			productName = EveryDay;
			productReference = 44943520285BD8AA00A91228 /* EveryDay.app */;
			productType = "com.apple.product-type.application";
		};
/* End PBXNativeTarget section */

/* Begin PBXProject section */
		44943518285BD8A900A91228 /* Project object */ = {
			isa = PBXProject;
			attributes = {
				BuildIndependentTargetsInParallel = 1;
				LastSwiftUpdateCheck = 1340;
				LastUpgradeCheck = 1340;
				TargetAttributes = {
					4494351F285BD8AA00A91228 = {
						CreatedOnToolsVersion = 13.4.1;
					};
				};
			};
			buildConfigurationList = 4494351B285BD8A900A91228 /* Build configuration list for PBXProject "EveryDay" */;
			compatibilityVersion = "Xcode 13.0";
			developmentRegion = en;
			hasScannedForEncodings = 0;
			knownRegions = (
				en,
				Base,
				ru,
			);
			mainGroup = 44943517285BD8A900A91228;
			productRefGroup = 44943521285BD8AA00A91228 /* Products */;
			projectDirPath = "";
			projectRoot = "";
			targets = (
				4494351F285BD8AA00A91228 /* EveryDay */,
			);
		};
/* End PBXProject section */

/* Begin PBXResourcesBuildPhase section */
		4494351E285BD8AA00A91228 /* Resources */ = {
			isa = PBXResourcesBuildPhase;
			buildActionMask = 2147483647;
			files = (
				4494352B285BD8AD00A91228 /* Preview Assets.xcassets in Resources */,
				44ACB24628737BE300456E7F /* Localizable.strings in Resources */,
				44960857285F17350002EA51 /* Adlery-Swash-trial.ttf in Resources */,
				44943528285BD8AD00A91228 /* Assets.xcassets in Resources */,
			);
			runOnlyForDeploymentPostprocessing = 0;
		};
/* End PBXResourcesBuildPhase section */

/* Begin PBXSourcesBuildPhase section */
		4494351C285BD8AA00A91228 /* Sources */ = {
			isa = PBXSourcesBuildPhase;
			buildActionMask = 2147483647;
			files = (
				44877418285F539000736C6E /* AdlerySwashText.swift in Sources */,
				44960851285EFDCB0002EA51 /* LaunchView.swift in Sources */,
				4487741A285F59A700736C6E /* RootTabView.swift in Sources */,
				440F68752864FE2D009DADB2 /* DiaryView.swift in Sources */,
				440F68732864FE1F009DADB2 /* WishesView.swift in Sources */,
				440F68712864FDF6009DADB2 /* HomeView.swift in Sources */,
				440F68772864FE3C009DADB2 /* SleepView.swift in Sources */,
				44943524285BD8AA00A91228 /* EveryDayApp.swift in Sources */,
			);
			runOnlyForDeploymentPostprocessing = 0;
		};
/* End PBXSourcesBuildPhase section */

/* Begin PBXVariantGroup section */
		44ACB24828737BE300456E7F /* Localizable.strings */ = {
			isa = PBXVariantGroup;
			children = (
				44ACB24728737BE300456E7F /* en */,
				44ACB24928737CB500456E7F /* ru */,
			);
			name = Localizable.strings;
			sourceTree = "<group>";
		};
/* End PBXVariantGroup section */

/* Begin XCBuildConfiguration section */
		4494352C285BD8AD00A91228 /* Debug */ = {
			isa = XCBuildConfiguration;
			buildSettings = {
				ALWAYS_SEARCH_USER_PATHS = NO;
				CLANG_ANALYZER_NONNULL = YES;
				CLANG_ANALYZER_NUMBER_OBJECT_CONVERSION = YES_AGGRESSIVE;
				CLANG_CXX_LANGUAGE_STANDARD = "gnu++17";
				CLANG_ENABLE_MODULES = YES;
				CLANG_ENABLE_OBJC_ARC = YES;
				CLANG_ENABLE_OBJC_WEAK = YES;
				CLANG_WARN_BLOCK_CAPTURE_AUTORELEASING = YES;
				CLANG_WARN_BOOL_CONVERSION = YES;
				CLANG_WARN_COMMA = YES;
				CLANG_WARN_CONSTANT_CONVERSION = YES;
				CLANG_WARN_DEPRECATED_OBJC_IMPLEMENTATIONS = YES;
				CLANG_WARN_DIRECT_OBJC_ISA_USAGE = YES_ERROR;
				CLANG_WARN_DOCUMENTATION_COMMENTS = YES;
				CLANG_WARN_EMPTY_BODY = YES;
				CLANG_WARN_ENUM_CONVERSION = YES;
				CLANG_WARN_INFINITE_RECURSION = YES;
				CLANG_WARN_INT_CONVERSION = YES;
				CLANG_WARN_NON_LITERAL_NULL_CONVERSION = YES;
				CLANG_WARN_OBJC_IMPLICIT_RETAIN_SELF = YES;
				CLANG_WARN_OBJC_LITERAL_CONVERSION = YES;
				CLANG_WARN_OBJC_ROOT_CLASS = YES_ERROR;
				CLANG_WARN_QUOTED_INCLUDE_IN_FRAMEWORK_HEADER = YES;
				CLANG_WARN_RANGE_LOOP_ANALYSIS = YES;
				CLANG_WARN_STRICT_PROTOTYPES = YES;
				CLANG_WARN_SUSPICIOUS_MOVE = YES;
				CLANG_WARN_UNGUARDED_AVAILABILITY = YES_AGGRESSIVE;
				CLANG_WARN_UNREACHABLE_CODE = YES;
				CLANG_WARN__DUPLICATE_METHOD_MATCH = YES;
				COPY_PHASE_STRIP = NO;
				DEBUG_INFORMATION_FORMAT = dwarf;
				ENABLE_STRICT_OBJC_MSGSEND = YES;
				ENABLE_TESTABILITY = YES;
				GCC_C_LANGUAGE_STANDARD = gnu11;
				GCC_DYNAMIC_NO_PIC = NO;
				GCC_NO_COMMON_BLOCKS = YES;
				GCC_OPTIMIZATION_LEVEL = 0;
				GCC_PREPROCESSOR_DEFINITIONS = (
					"DEBUG=1",
					"$(inherited)",
				);
				GCC_WARN_64_TO_32_BIT_CONVERSION = YES;
				GCC_WARN_ABOUT_RETURN_TYPE = YES_ERROR;
				GCC_WARN_UNDECLARED_SELECTOR = YES;
				GCC_WARN_UNINITIALIZED_AUTOS = YES_AGGRESSIVE;
				GCC_WARN_UNUSED_FUNCTION = YES;
				GCC_WARN_UNUSED_VARIABLE = YES;
				IPHONEOS_DEPLOYMENT_TARGET = 15.5;
				MTL_ENABLE_DEBUG_INFO = INCLUDE_SOURCE;
				MTL_FAST_MATH = YES;
				ONLY_ACTIVE_ARCH = YES;
				SDKROOT = iphoneos;
				SWIFT_ACTIVE_COMPILATION_CONDITIONS = DEBUG;
				SWIFT_OPTIMIZATION_LEVEL = "-Onone";
			};
			name = Debug;
		};
		4494352D285BD8AD00A91228 /* Release */ = {
			isa = XCBuildConfiguration;
			buildSettings = {
				ALWAYS_SEARCH_USER_PATHS = NO;
				CLANG_ANALYZER_NONNULL = YES;
				CLANG_ANALYZER_NUMBER_OBJECT_CONVERSION = YES_AGGRESSIVE;
				CLANG_CXX_LANGUAGE_STANDARD = "gnu++17";
				CLANG_ENABLE_MODULES = YES;
				CLANG_ENABLE_OBJC_ARC = YES;
				CLANG_ENABLE_OBJC_WEAK = YES;
				CLANG_WARN_BLOCK_CAPTURE_AUTORELEASING = YES;
				CLANG_WARN_BOOL_CONVERSION = YES;
				CLANG_WARN_COMMA = YES;
				CLANG_WARN_CONSTANT_CONVERSION = YES;
				CLANG_WARN_DEPRECATED_OBJC_IMPLEMENTATIONS = YES;
				CLANG_WARN_DIRECT_OBJC_ISA_USAGE = YES_ERROR;
				CLANG_WARN_DOCUMENTATION_COMMENTS = YES;
				CLANG_WARN_EMPTY_BODY = YES;
				CLANG_WARN_ENUM_CONVERSION = YES;
				CLANG_WARN_INFINITE_RECURSION = YES;
				CLANG_WARN_INT_CONVERSION = YES;
				CLANG_WARN_NON_LITERAL_NULL_CONVERSION = YES;
				CLANG_WARN_OBJC_IMPLICIT_RETAIN_SELF = YES;
				CLANG_WARN_OBJC_LITERAL_CONVERSION = YES;
				CLANG_WARN_OBJC_ROOT_CLASS = YES_ERROR;
				CLANG_WARN_QUOTED_INCLUDE_IN_FRAMEWORK_HEADER = YES;
				CLANG_WARN_RANGE_LOOP_ANALYSIS = YES;
				CLANG_WARN_STRICT_PROTOTYPES = YES;
				CLANG_WARN_SUSPICIOUS_MOVE = YES;
				CLANG_WARN_UNGUARDED_AVAILABILITY = YES_AGGRESSIVE;
				CLANG_WARN_UNREACHABLE_CODE = YES;
				CLANG_WARN__DUPLICATE_METHOD_MATCH = YES;
				COPY_PHASE_STRIP = NO;
				DEBUG_INFORMATION_FORMAT = "dwarf-with-dsym";
				ENABLE_NS_ASSERTIONS = NO;
				ENABLE_STRICT_OBJC_MSGSEND = YES;
				GCC_C_LANGUAGE_STANDARD = gnu11;
				GCC_NO_COMMON_BLOCKS = YES;
				GCC_WARN_64_TO_32_BIT_CONVERSION = YES;
				GCC_WARN_ABOUT_RETURN_TYPE = YES_ERROR;
				GCC_WARN_UNDECLARED_SELECTOR = YES;
				GCC_WARN_UNINITIALIZED_AUTOS = YES_AGGRESSIVE;
				GCC_WARN_UNUSED_FUNCTION = YES;
				GCC_WARN_UNUSED_VARIABLE = YES;
				IPHONEOS_DEPLOYMENT_TARGET = 15.5;
				MTL_ENABLE_DEBUG_INFO = NO;
				MTL_FAST_MATH = YES;
				SDKROOT = iphoneos;
				SWIFT_COMPILATION_MODE = wholemodule;
				SWIFT_OPTIMIZATION_LEVEL = "-O";
				VALIDATE_PRODUCT = YES;
			};
			name = Release;
		};
		4494352F285BD8AD00A91228 /* Debug */ = {
			isa = XCBuildConfiguration;
			buildSettings = {
				ASSETCATALOG_COMPILER_APPICON_NAME = AppIcon;
				ASSETCATALOG_COMPILER_GLOBAL_ACCENT_COLOR_NAME = AccentColor;
				CODE_SIGN_STYLE = Automatic;
				CURRENT_PROJECT_VERSION = 1;
				DEVELOPMENT_ASSET_PATHS = "\"EveryDay/Preview Content\"";
				DEVELOPMENT_TEAM = 4C4NZV4M6R;
				ENABLE_PREVIEWS = YES;
				GENERATE_INFOPLIST_FILE = YES;
				INFOPLIST_FILE = EveryDay/Info.plist;
				INFOPLIST_KEY_UIApplicationSceneManifest_Generation = YES;
				INFOPLIST_KEY_UIApplicationSupportsIndirectInputEvents = YES;
				INFOPLIST_KEY_UISupportedInterfaceOrientations_iPad = "UIInterfaceOrientationPortrait UIInterfaceOrientationPortraitUpsideDown UIInterfaceOrientationLandscapeLeft UIInterfaceOrientationLandscapeRight";
				INFOPLIST_KEY_UISupportedInterfaceOrientations_iPhone = "UIInterfaceOrientationPortrait UIInterfaceOrientationLandscapeLeft UIInterfaceOrientationLandscapeRight";
				LD_RUNPATH_SEARCH_PATHS = (
					"$(inherited)",
					"@executable_path/Frameworks",
				);
				MARKETING_VERSION = 1.0;
				PRODUCT_BUNDLE_IDENTIFIER = dzianisselivanau.com.EveryDay;
				PRODUCT_NAME = "$(TARGET_NAME)";
				SWIFT_EMIT_LOC_STRINGS = YES;
				SWIFT_VERSION = 5.0;
				TARGETED_DEVICE_FAMILY = "1,2";
			};
			name = Debug;
		};
		44943530285BD8AD00A91228 /* Release */ = {
			isa = XCBuildConfiguration;
			buildSettings = {
				ASSETCATALOG_COMPILER_APPICON_NAME = AppIcon;
				ASSETCATALOG_COMPILER_GLOBAL_ACCENT_COLOR_NAME = AccentColor;
				CODE_SIGN_STYLE = Automatic;
				CURRENT_PROJECT_VERSION = 1;
				DEVELOPMENT_ASSET_PATHS = "\"EveryDay/Preview Content\"";
				DEVELOPMENT_TEAM = 4C4NZV4M6R;
				ENABLE_PREVIEWS = YES;
				GENERATE_INFOPLIST_FILE = YES;
				INFOPLIST_FILE = EveryDay/Info.plist;
				INFOPLIST_KEY_UIApplicationSceneManifest_Generation = YES;
				INFOPLIST_KEY_UIApplicationSupportsIndirectInputEvents = YES;
				INFOPLIST_KEY_UISupportedInterfaceOrientations_iPad = "UIInterfaceOrientationPortrait UIInterfaceOrientationPortraitUpsideDown UIInterfaceOrientationLandscapeLeft UIInterfaceOrientationLandscapeRight";
				INFOPLIST_KEY_UISupportedInterfaceOrientations_iPhone = "UIInterfaceOrientationPortrait UIInterfaceOrientationLandscapeLeft UIInterfaceOrientationLandscapeRight";
				LD_RUNPATH_SEARCH_PATHS = (
					"$(inherited)",
					"@executable_path/Frameworks",
				);
				MARKETING_VERSION = 1.0;
				PRODUCT_BUNDLE_IDENTIFIER = dzianisselivanau.com.EveryDay;
				PRODUCT_NAME = "$(TARGET_NAME)";
				SWIFT_EMIT_LOC_STRINGS = YES;
				SWIFT_VERSION = 5.0;
				TARGETED_DEVICE_FAMILY = "1,2";
			};
			name = Release;
		};
/* End XCBuildConfiguration section */

/* Begin XCConfigurationList section */
		4494351B285BD8A900A91228 /* Build configuration list for PBXProject "EveryDay" */ = {
			isa = XCConfigurationList;
			buildConfigurations = (
				4494352C285BD8AD00A91228 /* Debug */,
				4494352D285BD8AD00A91228 /* Release */,
			);
			defaultConfigurationIsVisible = 0;
			defaultConfigurationName = Release;
		};
		4494352E285BD8AD00A91228 /* Build configuration list for PBXNativeTarget "EveryDay" */ = {
			isa = XCConfigurationList;
			buildConfigurations = (
				4494352F285BD8AD00A91228 /* Debug */,
				44943530285BD8AD00A91228 /* Release */,
			);
			defaultConfigurationIsVisible = 0;
			defaultConfigurationName = Release;
		};
/* End XCConfigurationList section */
	};
	rootObject = 44943518285BD8A900A91228 /* Project object */;
}
